{
  "lockfile_version": "1",
  "packages": {
    "github:NixOS/nixpkgs/nixpkgs-unstable": {
      "last_modified": "2025-06-08T16:50:33Z",
      "resolved": "github:NixOS/nixpkgs/08fcb0dcb59df0344652b38ea6326a2d8271baff?lastModified=1749401433&narHash=sha256-HXIQzULIG%2FMEUW2Q%2FSs47oE3QrjxvpUX7gUl4Xp6lnc%3D"
    },
    "nodePackages_latest.prettier@3.3.3": {
      "last_modified": "2025-02-07T11:26:36Z",
      "resolved": "github:NixOS/nixpkgs/d98abf5cf5914e5e4e9d57205e3af55ca90ffc1d#nodePackages_latest.prettier",
      "source": "devbox-search",
      "version": "3.3.3",
      "systems": {
        "aarch64-darwin": {
          "outputs": [
            {
              "name": "out",
              "path": "/nix/store/613lma124d0pw2c1p5ma5l8zpz3kmh0x-prettier-3.3.3",
              "default": true
            }
          ],
          "store_path": "/nix/store/613lma124d0pw2c1p5ma5l8zpz3kmh0x-prettier-3.3.3"
        },
        "aarch64-linux": {
          "outputs": [
            {
              "name": "out",
              "path": "/nix/store/5s6q9skliyqbsc7vw56py48ypw2ry0rg-prettier-3.3.3",
              "default": true
            }
          ],
          "store_path": "/nix/store/5s6q9skliyqbsc7vw56py48ypw2ry0rg-prettier-3.3.3"
        },
        "x86_64-darwin": {
          "outputs": [
            {
              "name": "out",
              "path": "/nix/store/l90l3s4fwvdfr94cnfxvaa0fm65xdqgb-prettier-3.3.3",
              "default": true
            }
          ],
          "store_path": "/nix/store/l90l3s4fwvdfr94cnfxvaa0fm65xdqgb-prettier-3.3.3"
        },
        "x86_64-linux": {
          "outputs": [
            {
              "name": "out",
              "path": "/nix/store/fw3vns90nrc0f622r3mllihnrrrfr8k5-prettier-3.3.3",
              "default": true
            }
          ],
          "store_path": "/nix/store/fw3vns90nrc0f622r3mllihnrrrfr8k5-prettier-3.3.3"
        }
      }
    },
    "nodejs@20.18.0": {
      "last_modified": "2024-11-16T04:25:12Z",
      "plugin_version": "0.0.2",
      "resolved": "github:NixOS/nixpkgs/34a626458d686f1b58139620a8b2793e9e123bba#nodejs_20",
      "source": "devbox-search",
      "version": "20.18.0",
      "systems": {
        "aarch64-darwin": {
          "outputs": [
            {
              "name": "out",
              "path": "/nix/store/9grahx8677nlgbx3yfiggibw335lkgfr-nodejs-20.18.0",
              "default": true
            },
            {
              "name": "libv8",
              "path": "/nix/store/hfchgw1as9fm02wcyr3iqya05ylll5f3-nodejs-20.18.0-libv8"
            }
          ],
          "store_path": "/nix/store/9grahx8677nlgbx3yfiggibw335lkgfr-nodejs-20.18.0"
        },
        "aarch64-linux": {
          "outputs": [
            {
              "name": "out",
              "path": "/nix/store/hsh74yzdb9yk834w9j5qz0w3sw84wcfv-nodejs-20.18.0",
              "default": true
            },
            {
              "name": "libv8",
              "path": "/nix/store/yajvza262cb3bri9cryfrgpm3pvc066n-nodejs-20.18.0-libv8"
            }
          ],
          "store_path": "/nix/store/hsh74yzdb9yk834w9j5qz0w3sw84wcfv-nodejs-20.18.0"
        },
        "x86_64-darwin": {
          "outputs": [
            {
              "name": "out",
              "path": "/nix/store/v8p36abnvrn9i5h41zkgrayaj7sclv6z-nodejs-20.18.0",
              "default": true
            },
            {
              "name": "libv8",
              "path": "/nix/store/93xdzgjsm1dnnw33lnba4i7h7k5yph4k-nodejs-20.18.0-libv8"
            }
          ],
          "store_path": "/nix/store/v8p36abnvrn9i5h41zkgrayaj7sclv6z-nodejs-20.18.0"
        },
        "x86_64-linux": {
          "outputs": [
            {
              "name": "out",
              "path": "/nix/store/z0ivg3dbal4sk5h0c7p1pfkxc7ff98ri-nodejs-20.18.0",
              "default": true
            },
            {
              "name": "libv8",
              "path": "/nix/store/czcxwki3zqih2pf355zk0vxbmrij2bzx-nodejs-20.18.0-libv8"
            }
          ],
          "store_path": "/nix/store/z0ivg3dbal4sk5h0c7p1pfkxc7ff98ri-nodejs-20.18.0"
        }
      }
    },
    "typescript@5.6.3": {
      "last_modified": "2024-12-23T21:10:33Z",
      "resolved": "github:NixOS/nixpkgs/de1864217bfa9b5845f465e771e0ecb48b30e02d#typescript",
      "source": "devbox-search",
      "version": "5.6.3",
      "systems": {
        "aarch64-darwin": {
          "outputs": [
            {
              "name": "out",
              "path": "/nix/store/5cbvxs6vnhzr7dzsgmlw940dlpnw86r3-typescript-5.6.3",
              "default": true
            }
          ],
          "store_path": "/nix/store/5cbvxs6vnhzr7dzsgmlw940dlpnw86r3-typescript-5.6.3"
        },
        "aarch64-linux": {
          "outputs": [
            {
              "name": "out",
              "path": "/nix/store/mf0hy6010shdq34i43gbvj7pqw8l0pkz-typescript-5.6.3",
              "default": true
            }
          ],
          "store_path": "/nix/store/mf0hy6010shdq34i43gbvj7pqw8l0pkz-typescript-5.6.3"
        },
        "x86_64-darwin": {
          "outputs": [
            {
              "name": "out",
              "path": "/nix/store/7lvr5vn8xzl0xqhv2zymaz2c5lg8v9y1-typescript-5.6.3",
              "default": true
            }
          ],
          "store_path": "/nix/store/7lvr5vn8xzl0xqhv2zymaz2c5lg8v9y1-typescript-5.6.3"
        },
        "x86_64-linux": {
          "outputs": [
            {
              "name": "out",
              "path": "/nix/store/7afm42lpiyhwpp81v521z69d8n1w71kk-typescript-5.6.3",
              "default": true
            }
          ],
          "store_path": "/nix/store/7afm42lpiyhwpp81v521z69d8n1w71kk-typescript-5.6.3"
        }
      }
    }
  }
}
